# This file is generated by running "yarn install" inside your project.
# Manual changes might be lost - proceed with caution!

__metadata:
  version: 4
  cacheKey: 7

"commons@workspace:.":
  version: 0.0.0-use.local
  resolution: "commons@workspace:."
  dependencies:
    vddl: ^0.7.1
    vuedraggable: ^2.24.3
  languageName: unknown
  linkType: soft

"sortablejs@npm:1.10.2":
  version: 1.10.2
  resolution: "sortablejs@npm:1.10.2"
  checksum: 4815489b3d333c074a05e93d15691d001724be21ec318b283997d0fbef6f8de6e66c38379efaab11de3d963b8c8498b719c03a0390530cc28e749a757aea8312
  languageName: node
  linkType: hard

"vddl@npm:^0.7.1":
  version: 0.7.1
  resolution: "vddl@npm:0.7.1"
  dependencies:
    vue: ^2.4.2
  checksum: 2e065da922570a2a12351b76fff9ad215e5ed4a3fbd75510a69d4069a0dbbe46cf1fb4a741ef62bfd06056a0511691c612783716a761e2e837e37f2367b08ca8
  languageName: node
  linkType: hard

"vue@npm:^2.4.2":
  version: 2.6.12
  resolution: "vue@npm:2.6.12"
  checksum: 92ed547e55a4b27a2a45aa9ab7ff5999f891dc9754562a37226dd190b323d9f99daec892dd8bd39786e404e6e065d808e165b1a0c127ce8d45fd1bde79ec7312
  languageName: node
  linkType: hard

"vuedraggable@npm:^2.24.3":
  version: 2.24.3
  resolution: "vuedraggable@npm:2.24.3"
  dependencies:
    sortablejs: 1.10.2
  checksum: 4cd4a33a7e41cb9ae36bbbefd6c0131babd2269de24ee0ff9be97263b391ea311f8858fa7046dc302730eefa735596e4886c9cb5694236cb1ed77d1a58d7a89c
  languageName: node
  linkType: hard
